
Microsoft Visual Studio Solution File, Format Version 12.00
# Visual Studio Version 17
VisualStudioVersion = 17.9.34723.18
MinimumVisualStudioVersion = 10.0.40219.1
Project("{FAE04EC0-301F-11D3-BF4B-00C04F79EFBC}") = "Unite", "Unite\Unite.csproj", "{FA00FDD7-9E34-4392-BCCF-BF2952865771}"
EndProject
Global
	GlobalSection(SolutionConfigurationPlatforms) = preSolution
		Debug|Any CPU = Debug|Any CPU
		Release|Any CPU = Release|Any CPU
	EndGlobalSection
	GlobalSection(ProjectConfigurationPlatforms) = postSolution
		{FA00FDD7-9E34-4392-BCCF-BF2952865771}.Debug|Any CPU.ActiveCfg = Debug|Any CPU
		{FA00FDD7-9E34-4392-BCCF-BF2952865771}.Debug|Any CPU.Build.0 = Debug|Any CPU
		{FA00FDD7-9E34-4392-BCCF-BF2952865771}.Release|Any CPU.ActiveCfg = Release|Any CPU
		{FA00FDD7-9E34-4392-BCCF-BF2952865771}.Release|Any CPU.Build.0 = Release|Any CPU
	EndGlobalSection
	GlobalSection(SolutionProperties) = preSolution
		HideSolutionNode = FALSE
	EndGlobalSection
	GlobalSection(ExtensibilityGlobals) = postSolution
		SolutionGuid = {906A7265-ACD3-4592-996A-BF91420B0DF5}
	EndGlobalSection
EndGlobal
